
Microsoft Visual Studio Solution File, Format Version 12.00
# Visual Studio Version 17
VisualStudioVersion = 17.5.33627.172
MinimumVisualStudioVersion = 10.0.40219.1
Project("{888888A0-9F3D-457C-B088-3A5042F75D52}") = "Digital_breakthrough", "Digital_breakthrough.pyproj", "{DAE62D1F-E2AC-4A89-AA93-E203C96C66E3}"
EndProject
Global
	GlobalSection(SolutionConfigurationPlatforms) = preSolution
		Debug|Any CPU = Debug|Any CPU
		Release|Any CPU = Release|Any CPU
	EndGlobalSection
	GlobalSection(ProjectConfigurationPlatforms) = postSolution
		{DAE62D1F-E2AC-4A89-AA93-E203C96C66E3}.Debug|Any CPU.ActiveCfg = Debug|Any CPU
		{DAE62D1F-E2AC-4A89-AA93-E203C96C66E3}.Release|Any CPU.ActiveCfg = Release|Any CPU
	EndGlobalSection
	GlobalSection(SolutionProperties) = preSolution
		HideSolutionNode = FALSE
	EndGlobalSection
	GlobalSection(ExtensibilityGlobals) = postSolution
		SolutionGuid = {0B56DF6B-1C32-4B45-8EC3-2C546E9A4DA5}
	EndGlobalSection
EndGlobal
